
Microsoft Visual Studio Solution File, Format Version 12.00
# Visual Studio Version 17
VisualStudioVersion = 17.4.33213.308
MinimumVisualStudioVersion = 10.0.40219.1
Project("{FAE04EC0-301F-11D3-BF4B-00C04F79EFBC}") = "firstTask", "firstTask\firstTask.csproj", "{D8845FF5-A933-4B7B-935B-FC8352CD094A}"
EndProject
Project("{FAE04EC0-301F-11D3-BF4B-00C04F79EFBC}") = "secondTask", "secondTask\secondTask.csproj", "{D39BF14C-DB04-439D-85F5-7E9B8FC415D8}"
EndProject
Project("{FAE04EC0-301F-11D3-BF4B-00C04F79EFBC}") = "taskThree", "taskThree\taskThree.csproj", "{F5E0AE22-6856-47C8-B50B-01C13F73BA08}"
EndProject
Project("{FAE04EC0-301F-11D3-BF4B-00C04F79EFBC}") = "taskFour", "taskFour\taskFour.csproj", "{12046DC1-AFF6-43FD-9308-2556AD16E411}"
EndProject
Project("{FAE04EC0-301F-11D3-BF4B-00C04F79EFBC}") = "taskFive", "taskFive\taskFive.csproj", "{E177266A-A113-4851-8507-6013870D7DE8}"
EndProject
Global
	GlobalSection(SolutionConfigurationPlatforms) = preSolution
		Debug|Any CPU = Debug|Any CPU
		Release|Any CPU = Release|Any CPU
	EndGlobalSection
	GlobalSection(ProjectConfigurationPlatforms) = postSolution
		{D8845FF5-A933-4B7B-935B-FC8352CD094A}.Debug|Any CPU.ActiveCfg = Debug|Any CPU
		{D8845FF5-A933-4B7B-935B-FC8352CD094A}.Debug|Any CPU.Build.0 = Debug|Any CPU
		{D8845FF5-A933-4B7B-935B-FC8352CD094A}.Release|Any CPU.ActiveCfg = Release|Any CPU
		{D8845FF5-A933-4B7B-935B-FC8352CD094A}.Release|Any CPU.Build.0 = Release|Any CPU
		{D39BF14C-DB04-439D-85F5-7E9B8FC415D8}.Debug|Any CPU.ActiveCfg = Debug|Any CPU
		{D39BF14C-DB04-439D-85F5-7E9B8FC415D8}.Debug|Any CPU.Build.0 = Debug|Any CPU
		{D39BF14C-DB04-439D-85F5-7E9B8FC415D8}.Release|Any CPU.ActiveCfg = Release|Any CPU
		{D39BF14C-DB04-439D-85F5-7E9B8FC415D8}.Release|Any CPU.Build.0 = Release|Any CPU
		{F5E0AE22-6856-47C8-B50B-01C13F73BA08}.Debug|Any CPU.ActiveCfg = Debug|Any CPU
		{F5E0AE22-6856-47C8-B50B-01C13F73BA08}.Debug|Any CPU.Build.0 = Debug|Any CPU
		{F5E0AE22-6856-47C8-B50B-01C13F73BA08}.Release|Any CPU.ActiveCfg = Release|Any CPU
		{F5E0AE22-6856-47C8-B50B-01C13F73BA08}.Release|Any CPU.Build.0 = Release|Any CPU
		{12046DC1-AFF6-43FD-9308-2556AD16E411}.Debug|Any CPU.ActiveCfg = Debug|Any CPU
		{12046DC1-AFF6-43FD-9308-2556AD16E411}.Debug|Any CPU.Build.0 = Debug|Any CPU
		{12046DC1-AFF6-43FD-9308-2556AD16E411}.Release|Any CPU.ActiveCfg = Release|Any CPU
		{12046DC1-AFF6-43FD-9308-2556AD16E411}.Release|Any CPU.Build.0 = Release|Any CPU
		{E177266A-A113-4851-8507-6013870D7DE8}.Debug|Any CPU.ActiveCfg = Debug|Any CPU
		{E177266A-A113-4851-8507-6013870D7DE8}.Debug|Any CPU.Build.0 = Debug|Any CPU
		{E177266A-A113-4851-8507-6013870D7DE8}.Release|Any CPU.ActiveCfg = Release|Any CPU
		{E177266A-A113-4851-8507-6013870D7DE8}.Release|Any CPU.Build.0 = Release|Any CPU
	EndGlobalSection
	GlobalSection(SolutionProperties) = preSolution
		HideSolutionNode = FALSE
	EndGlobalSection
	GlobalSection(ExtensibilityGlobals) = postSolution
		SolutionGuid = {170752E5-3210-4070-85A1-6183FC307E71}
	EndGlobalSection
EndGlobal
